
Microsoft Visual Studio Solution File, Format Version 12.00
# Visual Studio Version 17
VisualStudioVersion = 17.1.32210.238
MinimumVisualStudioVersion = 10.0.40219.1
Project("{FAE04EC0-301F-11D3-BF4B-00C04F79EFBC}") = "Decripter", "Decripter\Decripter.csproj", "{062432A7-5881-447F-8D1E-0CC4F870937F}"
EndProject
Global
	GlobalSection(SolutionConfigurationPlatforms) = preSolution
		Debug|Any CPU = Debug|Any CPU
		Release|Any CPU = Release|Any CPU
	EndGlobalSection
	GlobalSection(ProjectConfigurationPlatforms) = postSolution
		{062432A7-5881-447F-8D1E-0CC4F870937F}.Debug|Any CPU.ActiveCfg = Debug|Any CPU
		{062432A7-5881-447F-8D1E-0CC4F870937F}.Debug|Any CPU.Build.0 = Debug|Any CPU
		{062432A7-5881-447F-8D1E-0CC4F870937F}.Release|Any CPU.ActiveCfg = Release|Any CPU
		{062432A7-5881-447F-8D1E-0CC4F870937F}.Release|Any CPU.Build.0 = Release|Any CPU
	EndGlobalSection
	GlobalSection(SolutionProperties) = preSolution
		HideSolutionNode = FALSE
	EndGlobalSection
	GlobalSection(ExtensibilityGlobals) = postSolution
		SolutionGuid = {4671D68E-D568-4DDF-BE04-7AEA9173BE1A}
	EndGlobalSection
EndGlobal
