
Microsoft Visual Studio Solution File, Format Version 12.00
# Visual Studio Version 17
VisualStudioVersion = 17.3.32804.467
MinimumVisualStudioVersion = 10.0.40219.1
Project("{FAE04EC0-301F-11D3-BF4B-00C04F79EFBC}") = "MyApp", "MyApp\MyApp.csproj", "{EBB2DE6D-A3EF-472A-B749-5F4438B63C32}"
EndProject
Project("{FAE04EC0-301F-11D3-BF4B-00C04F79EFBC}") = "MyLib", "MyLib\MyLib.csproj", "{767D196B-125D-4998-B03F-2BF2A26A4508}"
EndProject
Global
	GlobalSection(SolutionConfigurationPlatforms) = preSolution
		Debug|Any CPU = Debug|Any CPU
		Release|Any CPU = Release|Any CPU
	EndGlobalSection
	GlobalSection(ProjectConfigurationPlatforms) = postSolution
		{EBB2DE6D-A3EF-472A-B749-5F4438B63C32}.Debug|Any CPU.ActiveCfg = Debug|Any CPU
		{EBB2DE6D-A3EF-472A-B749-5F4438B63C32}.Debug|Any CPU.Build.0 = Debug|Any CPU
		{EBB2DE6D-A3EF-472A-B749-5F4438B63C32}.Release|Any CPU.ActiveCfg = Release|Any CPU
		{EBB2DE6D-A3EF-472A-B749-5F4438B63C32}.Release|Any CPU.Build.0 = Release|Any CPU
		{767D196B-125D-4998-B03F-2BF2A26A4508}.Debug|Any CPU.ActiveCfg = Debug|Any CPU
		{767D196B-125D-4998-B03F-2BF2A26A4508}.Debug|Any CPU.Build.0 = Debug|Any CPU
		{767D196B-125D-4998-B03F-2BF2A26A4508}.Release|Any CPU.ActiveCfg = Release|Any CPU
		{767D196B-125D-4998-B03F-2BF2A26A4508}.Release|Any CPU.Build.0 = Release|Any CPU
	EndGlobalSection
	GlobalSection(SolutionProperties) = preSolution
		HideSolutionNode = FALSE
	EndGlobalSection
	GlobalSection(ExtensibilityGlobals) = postSolution
		SolutionGuid = {4BF2BAE5-C7FE-4860-8CEA-4FAC11F6591C}
	EndGlobalSection
EndGlobal
